
Microsoft Visual Studio Solution File, Format Version 12.00
# Visual Studio Version 16
VisualStudioVersion = 16.0.31229.75
MinimumVisualStudioVersion = 10.0.40219.1
Project("{FAE04EC0-301F-11D3-BF4B-00C04F79EFBC}") = "EcommerceWebApi", "EcommerceWebApi\EcommerceWebApi.csproj", "{6361C928-F63D-4742-A8B6-8F78454BA03F}"
EndProject
Global
	GlobalSection(SolutionConfigurationPlatforms) = preSolution
		Debug|Any CPU = Debug|Any CPU
		Release|Any CPU = Release|Any CPU
	EndGlobalSection
	GlobalSection(ProjectConfigurationPlatforms) = postSolution
		{6361C928-F63D-4742-A8B6-8F78454BA03F}.Debug|Any CPU.ActiveCfg = Debug|Any CPU
		{6361C928-F63D-4742-A8B6-8F78454BA03F}.Debug|Any CPU.Build.0 = Debug|Any CPU
		{6361C928-F63D-4742-A8B6-8F78454BA03F}.Release|Any CPU.ActiveCfg = Release|Any CPU
		{6361C928-F63D-4742-A8B6-8F78454BA03F}.Release|Any CPU.Build.0 = Release|Any CPU
	EndGlobalSection
	GlobalSection(SolutionProperties) = preSolution
		HideSolutionNode = FALSE
	EndGlobalSection
	GlobalSection(ExtensibilityGlobals) = postSolution
		SolutionGuid = {C989B339-45F3-47A5-ADA1-F33A1B40080A}
	EndGlobalSection
EndGlobal
